// !$*UTF8*$!
{
	archiveVersion = 1;
	classes = {
	};
	objectVersion = 50;
	objects = {

/* Begin PBXBuildFile section */
		84ACCD0B2153278600624487 /* AppDelegate.swift in Sources */ = {isa = PBXBuildFile; fileRef = 84ACCD0A2153278600624487 /* AppDelegate.swift */; };
		84ACCD0D2153278600624487 /* ViewController.swift in Sources */ = {isa = PBXBuildFile; fileRef = 84ACCD0C2153278600624487 /* ViewController.swift */; };
		84ACCD102153278600624487 /* Main.storyboard in Resources */ = {isa = PBXBuildFile; fileRef = 84ACCD0E2153278600624487 /* Main.storyboard */; };
		84ACCD122153278700624487 /* Assets.xcassets in Resources */ = {isa = PBXBuildFile; fileRef = 84ACCD112153278700624487 /* Assets.xcassets */; };
		84ACCD152153278700624487 /* LaunchScreen.storyboard in Resources */ = {isa = PBXBuildFile; fileRef = 84ACCD132153278700624487 /* LaunchScreen.storyboard */; };
		84ACCD1D2153368700624487 /* SecondViewController.swift in Sources */ = {isa = PBXBuildFile; fileRef = 84ACCD1C2153368700624487 /* SecondViewController.swift */; };
		84ACCD1F21533D2700624487 /* ThirdViewController.swift in Sources */ = {isa = PBXBuildFile; fileRef = 84ACCD1E21533D2700624487 /* ThirdViewController.swift */; };
		84ACCD212154935300624487 /* GoogleService-Info.plist in Resources */ = {isa = PBXBuildFile; fileRef = 84ACCD202154935300624487 /* GoogleService-Info.plist */; };
		D6BB94784C29F5503E40C310 /* Pods_ButtonMagic.framework in Frameworks */ = {isa = PBXBuildFile; fileRef = 0B54630DFC37C9C083AE3007 /* Pods_ButtonMagic.framework */; };
/* End PBXBuildFile section */

/* Begin PBXFileReference section */
		0B54630DFC37C9C083AE3007 /* Pods_ButtonMagic.framework */ = {isa = PBXFileReference; explicitFileType = wrapper.framework; includeInIndex = 0; path = Pods_ButtonMagic.framework; sourceTree = BUILT_PRODUCTS_DIR; };
		119D3D821982BDE7E7F5E777 /* Pods-ButtonMagic.debug.xcconfig */ = {isa = PBXFileReference; includeInIndex = 1; lastKnownFileType = text.xcconfig; name = "Pods-ButtonMagic.debug.xcconfig"; path = "Pods/Target Support Files/Pods-ButtonMagic/Pods-ButtonMagic.debug.xcconfig"; sourceTree = "<group>"; };
		1DC6856B279F9B0863B84DFA /* Pods-ButtonMagic.release.xcconfig */ = {isa = PBXFileReference; includeInIndex = 1; lastKnownFileType = text.xcconfig; name = "Pods-ButtonMagic.release.xcconfig"; path = "Pods/Target Support Files/Pods-ButtonMagic/Pods-ButtonMagic.release.xcconfig"; sourceTree = "<group>"; };
		84ACCD072153278600624487 /* ButtonMagic.app */ = {isa = PBXFileReference; explicitFileType = wrapper.application; includeInIndex = 0; path = ButtonMagic.app; sourceTree = BUILT_PRODUCTS_DIR; };
		84ACCD0A2153278600624487 /* AppDelegate.swift */ = {isa = PBXFileReference; lastKnownFileType = sourcecode.swift; path = AppDelegate.swift; sourceTree = "<group>"; };
		84ACCD0C2153278600624487 /* ViewController.swift */ = {isa = PBXFileReference; lastKnownFileType = sourcecode.swift; path = ViewController.swift; sourceTree = "<group>"; };
		84ACCD0F2153278600624487 /* Base */ = {isa = PBXFileReference; lastKnownFileType = file.storyboard; name = Base; path = Base.lproj/Main.storyboard; sourceTree = "<group>"; };
		84ACCD112153278700624487 /* Assets.xcassets */ = {isa = PBXFileReference; lastKnownFileType = folder.assetcatalog; path = Assets.xcassets; sourceTree = "<group>"; };
		84ACCD142153278700624487 /* Base */ = {isa = PBXFileReference; lastKnownFileType = file.storyboard; name = Base; path = Base.lproj/LaunchScreen.storyboard; sourceTree = "<group>"; };
		84ACCD162153278700624487 /* Info.plist */ = {isa = PBXFileReference; lastKnownFileType = text.plist.xml; path = Info.plist; sourceTree = "<group>"; };
		84ACCD1C2153368700624487 /* SecondViewController.swift */ = {isa = PBXFileReference; lastKnownFileType = sourcecode.swift; path = SecondViewController.swift; sourceTree = "<group>"; };
		84ACCD1E21533D2700624487 /* ThirdViewController.swift */ = {isa = PBXFileReference; lastKnownFileType = sourcecode.swift; path = ThirdViewController.swift; sourceTree = "<group>"; };
		84ACCD202154935300624487 /* GoogleService-Info.plist */ = {isa = PBXFileReference; fileEncoding = 4; lastKnownFileType = text.plist.xml; path = "GoogleService-Info.plist"; sourceTree = "<group>"; };
/* End PBXFileReference section */

/* Begin PBXFrameworksBuildPhase section */
		84ACCD042153278600624487 /* Frameworks */ = {
			isa = PBXFrameworksBuildPhase;
			buildActionMask = 2147483647;
			files = (
				D6BB94784C29F5503E40C310 /* Pods_ButtonMagic.framework in Frameworks */,
			);
			runOnlyForDeploymentPostprocessing = 0;
		};
/* End PBXFrameworksBuildPhase section */

/* Begin PBXGroup section */
		3D30F1582EEC6E22DE91BBC8 /* Frameworks */ = {
			isa = PBXGroup;
			children = (
				0B54630DFC37C9C083AE3007 /* Pods_ButtonMagic.framework */,
			);
			name = Frameworks;
			sourceTree = "<group>";
		};
		84ACCCFE2153278600624487 = {
			isa = PBXGroup;
			children = (
				84ACCD092153278600624487 /* ButtonMagic */,
				84ACCD082153278600624487 /* Products */,
				CBB1E3D522EA7B2ED666E12D /* Pods */,
				3D30F1582EEC6E22DE91BBC8 /* Frameworks */,
			);
			sourceTree = "<group>";
		};
		84ACCD082153278600624487 /* Products */ = {
			isa = PBXGroup;
			children = (
				84ACCD072153278600624487 /* ButtonMagic.app */,
			);
			name = Products;
			sourceTree = "<group>";
		};
		84ACCD092153278600624487 /* ButtonMagic */ = {
			isa = PBXGroup;
			children = (
				84ACCD0A2153278600624487 /* AppDelegate.swift */,
				84ACCD0C2153278600624487 /* ViewController.swift */,
				84ACCD1C2153368700624487 /* SecondViewController.swift */,
				84ACCD1E21533D2700624487 /* ThirdViewController.swift */,
				84ACCD0E2153278600624487 /* Main.storyboard */,
				84ACCD112153278700624487 /* Assets.xcassets */,
				84ACCD132153278700624487 /* LaunchScreen.storyboard */,
				84ACCD162153278700624487 /* Info.plist */,
				84ACCD202154935300624487 /* GoogleService-Info.plist */,
			);
			path = ButtonMagic;
			sourceTree = "<group>";
		};
		CBB1E3D522EA7B2ED666E12D /* Pods */ = {
			isa = PBXGroup;
			children = (
				119D3D821982BDE7E7F5E777 /* Pods-ButtonMagic.debug.xcconfig */,
				1DC6856B279F9B0863B84DFA /* Pods-ButtonMagic.release.xcconfig */,
			);
			name = Pods;
			sourceTree = "<group>";
		};
/* End PBXGroup section */

/* Begin PBXNativeTarget section */
		84ACCD062153278600624487 /* ButtonMagic */ = {
			isa = PBXNativeTarget;
			buildConfigurationList = 84ACCD192153278700624487 /* Build configuration list for PBXNativeTarget "ButtonMagic" */;
			buildPhases = (
				834729E837FC66B31A31A091 /* [CP] Check Pods Manifest.lock */,
				84ACCD032153278600624487 /* Sources */,
				84ACCD042153278600624487 /* Frameworks */,
				84ACCD052153278600624487 /* Resources */,
				4656D6D612FFB780084DF131 /* [CP] Embed Pods Frameworks */,
			);
			buildRules = (
			);
			dependencies = (
			);
			name = ButtonMagic;
			productName = ButtonMagic;
			productReference = 84ACCD072153278600624487 /* ButtonMagic.app */;
			productType = "com.apple.product-type.application";
		};
/* End PBXNativeTarget section */

/* Begin PBXProject section */
		84ACCCFF2153278600624487 /* Project object */ = {
			isa = PBXProject;
			attributes = {
				LastSwiftUpdateCheck = 0940;
				LastUpgradeCheck = 0940;
				ORGANIZATIONNAME = MobileAppsCompany;
				TargetAttributes = {
					84ACCD062153278600624487 = {
						CreatedOnToolsVersion = 9.4.1;
					};
				};
			};
			buildConfigurationList = 84ACCD022153278600624487 /* Build configuration list for PBXProject "ButtonMagic" */;
			compatibilityVersion = "Xcode 9.3";
			developmentRegion = en;
			hasScannedForEncodings = 0;
			knownRegions = (
				en,
				Base,
			);
			mainGroup = 84ACCCFE2153278600624487;
			productRefGroup = 84ACCD082153278600624487 /* Products */;
			projectDirPath = "";
			projectRoot = "";
			targets = (
				84ACCD062153278600624487 /* ButtonMagic */,
			);
		};
/* End PBXProject section */

/* Begin PBXResourcesBuildPhase section */
		84ACCD052153278600624487 /* Resources */ = {
			isa = PBXResourcesBuildPhase;
			buildActionMask = 2147483647;
			files = (
				84ACCD152153278700624487 /* LaunchScreen.storyboard in Resources */,
				84ACCD212154935300624487 /* GoogleService-Info.plist in Resources */,
				84ACCD122153278700624487 /* Assets.xcassets in Resources */,
				84ACCD102153278600624487 /* Main.storyboard in Resources */,
			);
			runOnlyForDeploymentPostprocessing = 0;
		};
/* End PBXResourcesBuildPhase section */

/* Begin PBXShellScriptBuildPhase section */
		4656D6D612FFB780084DF131 /* [CP] Embed Pods Frameworks */ = {
			isa = PBXShellScriptBuildPhase;
			buildActionMask = 2147483647;
			files = (
			);
			inputFileListPaths = (
			);
			inputPaths = (
				"${SRCROOT}/Pods/Target Support Files/Pods-ButtonMagic/Pods-ButtonMagic-frameworks.sh",
				"${BUILT_PRODUCTS_DIR}/GoogleUtilities/GoogleUtilities.framework",
				"${BUILT_PRODUCTS_DIR}/leveldb-library/leveldb.framework",
				"${BUILT_PRODUCTS_DIR}/nanopb/nanopb.framework",
			);
			name = "[CP] Embed Pods Frameworks";
			outputFileListPaths = (
			);
			outputPaths = (
				"${TARGET_BUILD_DIR}/${FRAMEWORKS_FOLDER_PATH}/GoogleUtilities.framework",
				"${TARGET_BUILD_DIR}/${FRAMEWORKS_FOLDER_PATH}/leveldb.framework",
				"${TARGET_BUILD_DIR}/${FRAMEWORKS_FOLDER_PATH}/nanopb.framework",
			);
			runOnlyForDeploymentPostprocessing = 0;
			shellPath = /bin/sh;
			shellScript = "\"${SRCROOT}/Pods/Target Support Files/Pods-ButtonMagic/Pods-ButtonMagic-frameworks.sh\"\n";
			showEnvVarsInLog = 0;
		};
		834729E837FC66B31A31A091 /* [CP] Check Pods Manifest.lock */ = {
			isa = PBXShellScriptBuildPhase;
			buildActionMask = 2147483647;
			files = (
			);
			inputFileListPaths = (
			);
			inputPaths = (
				"${PODS_PODFILE_DIR_PATH}/Podfile.lock",
				"${PODS_ROOT}/Manifest.lock",
			);
			name = "[CP] Check Pods Manifest.lock";
			outputFileListPaths = (
			);
			outputPaths = (
				"$(DERIVED_FILE_DIR)/Pods-ButtonMagic-checkManifestLockResult.txt",
			);
			runOnlyForDeploymentPostprocessing = 0;
			shellPath = /bin/sh;
			shellScript = "diff \"${PODS_PODFILE_DIR_PATH}/Podfile.lock\" \"${PODS_ROOT}/Manifest.lock\" > /dev/null\nif [ $? != 0 ] ; then\n    # print error to STDERR\n    echo \"error: The sandbox is not in sync with the Podfile.lock. Run 'pod install' or update your CocoaPods installation.\" >&2\n    exit 1\nfi\n# This output is used by Xcode 'outputs' to avoid re-running this script phase.\necho \"SUCCESS\" > \"${SCRIPT_OUTPUT_FILE_0}\"\n";
			showEnvVarsInLog = 0;
		};
/* End PBXShellScriptBuildPhase section */

/* Begin PBXSourcesBuildPhase section */
		84ACCD032153278600624487 /* Sources */ = {
			isa = PBXSourcesBuildPhase;
			buildActionMask = 2147483647;
			files = (
				84ACCD1D2153368700624487 /* SecondViewController.swift in Sources */,
				84ACCD0D2153278600624487 /* ViewController.swift in Sources */,
				84ACCD1F21533D2700624487 /* ThirdViewController.swift in Sources */,
				84ACCD0B2153278600624487 /* AppDelegate.swift in Sources */,
			);
			runOnlyForDeploymentPostprocessing = 0;
		};
/* End PBXSourcesBuildPhase section */

/* Begin PBXVariantGroup section */
		84ACCD0E2153278600624487 /* Main.storyboard */ = {
			isa = PBXVariantGroup;
			children = (
				84ACCD0F2153278600624487 /* Base */,
			);
			name = Main.storyboard;
			sourceTree = "<group>";
		};
		84ACCD132153278700624487 /* LaunchScreen.storyboard */ = {
			isa = PBXVariantGroup;
			children = (
				84ACCD142153278700624487 /* Base */,
			);
			name = LaunchScreen.storyboard;
			sourceTree = "<group>";
		};
/* End PBXVariantGroup section */

/* Begin XCBuildConfiguration section */
		84ACCD172153278700624487 /* Debug */ = {
			isa = XCBuildConfiguration;
			buildSettings = {
				ALWAYS_SEARCH_USER_PATHS = NO;
				CLANG_ANALYZER_NONNULL = YES;
				CLANG_ANALYZER_NUMBER_OBJECT_CONVERSION = YES_AGGRESSIVE;
				CLANG_CXX_LANGUAGE_STANDARD = "gnu++14";
				CLANG_CXX_LIBRARY = "libc++";
				CLANG_ENABLE_MODULES = YES;
				CLANG_ENABLE_OBJC_ARC = YES;
				CLANG_ENABLE_OBJC_WEAK = YES;
				CLANG_WARN_BLOCK_CAPTURE_AUTORELEASING = YES;
				CLANG_WARN_BOOL_CONVERSION = YES;
				CLANG_WARN_COMMA = YES;
				CLANG_WARN_CONSTANT_CONVERSION = YES;
				CLANG_WARN_DEPRECATED_OBJC_IMPLEMENTATIONS = YES;
				CLANG_WARN_DIRECT_OBJC_ISA_USAGE = YES_ERROR;
				CLANG_WARN_DOCUMENTATION_COMMENTS = YES;
				CLANG_WARN_EMPTY_BODY = YES;
				CLANG_WARN_ENUM_CONVERSION = YES;
				CLANG_WARN_INFINITE_RECURSION = YES;
				CLANG_WARN_INT_CONVERSION = YES;
				CLANG_WARN_NON_LITERAL_NULL_CONVERSION = YES;
				CLANG_WARN_OBJC_IMPLICIT_RETAIN_SELF = YES;
				CLANG_WARN_OBJC_LITERAL_CONVERSION = YES;
				CLANG_WARN_OBJC_ROOT_CLASS = YES_ERROR;
				CLANG_WARN_RANGE_LOOP_ANALYSIS = YES;
				CLANG_WARN_STRICT_PROTOTYPES = YES;
				CLANG_WARN_SUSPICIOUS_MOVE = YES;
				CLANG_WARN_UNGUARDED_AVAILABILITY = YES_AGGRESSIVE;
				CLANG_WARN_UNREACHABLE_CODE = YES;
				CLANG_WARN__DUPLICATE_METHOD_MATCH = YES;
				CODE_SIGN_IDENTITY = "iPhone Developer";
				COPY_PHASE_STRIP = NO;
				DEBUG_INFORMATION_FORMAT = dwarf;
				ENABLE_STRICT_OBJC_MSGSEND = YES;
				ENABLE_TESTABILITY = YES;
				GCC_C_LANGUAGE_STANDARD = gnu11;
				GCC_DYNAMIC_NO_PIC = NO;
				GCC_NO_COMMON_BLOCKS = YES;
				GCC_OPTIMIZATION_LEVEL = 0;
				GCC_PREPROCESSOR_DEFINITIONS = (
					"DEBUG=1",
					"$(inherited)",
				);
				GCC_WARN_64_TO_32_BIT_CONVERSION = YES;
				GCC_WARN_ABOUT_RETURN_TYPE = YES_ERROR;
				GCC_WARN_UNDECLARED_SELECTOR = YES;
				GCC_WARN_UNINITIALIZED_AUTOS = YES_AGGRESSIVE;
				GCC_WARN_UNUSED_FUNCTION = YES;
				GCC_WARN_UNUSED_VARIABLE = YES;
				IPHONEOS_DEPLOYMENT_TARGET = 11.4;
				MTL_ENABLE_DEBUG_INFO = YES;
				ONLY_ACTIVE_ARCH = YES;
				SDKROOT = iphoneos;
				SWIFT_ACTIVE_COMPILATION_CONDITIONS = DEBUG;
				SWIFT_OPTIMIZATION_LEVEL = "-Onone";
			};
			name = Debug;
		};
		84ACCD182153278700624487 /* Release */ = {
			isa = XCBuildConfiguration;
			buildSettings = {
				ALWAYS_SEARCH_USER_PATHS = NO;
				CLANG_ANALYZER_NONNULL = YES;
				CLANG_ANALYZER_NUMBER_OBJECT_CONVERSION = YES_AGGRESSIVE;
				CLANG_CXX_LANGUAGE_STANDARD = "gnu++14";
				CLANG_CXX_LIBRARY = "libc++";
				CLANG_ENABLE_MODULES = YES;
				CLANG_ENABLE_OBJC_ARC = YES;
				CLANG_ENABLE_OBJC_WEAK = YES;
				CLANG_WARN_BLOCK_CAPTURE_AUTORELEASING = YES;
				CLANG_WARN_BOOL_CONVERSION = YES;
				CLANG_WARN_COMMA = YES;
				CLANG_WARN_CONSTANT_CONVERSION = YES;
				CLANG_WARN_DEPRECATED_OBJC_IMPLEMENTATIONS = YES;
				CLANG_WARN_DIRECT_OBJC_ISA_USAGE = YES_ERROR;
				CLANG_WARN_DOCUMENTATION_COMMENTS = YES;
				CLANG_WARN_EMPTY_BODY = YES;
				CLANG_WARN_ENUM_CONVERSION = YES;
				CLANG_WARN_INFINITE_RECURSION = YES;
				CLANG_WARN_INT_CONVERSION = YES;
				CLANG_WARN_NON_LITERAL_NULL_CONVERSION = YES;
				CLANG_WARN_OBJC_IMPLICIT_RETAIN_SELF = YES;
				CLANG_WARN_OBJC_LITERAL_CONVERSION = YES;
				CLANG_WARN_OBJC_ROOT_CLASS = YES_ERROR;
				CLANG_WARN_RANGE_LOOP_ANALYSIS = YES;
				CLANG_WARN_STRICT_PROTOTYPES = YES;
				CLANG_WARN_SUSPICIOUS_MOVE = YES;
				CLANG_WARN_UNGUARDED_AVAILABILITY = YES_AGGRESSIVE;
				CLANG_WARN_UNREACHABLE_CODE = YES;
				CLANG_WARN__DUPLICATE_METHOD_MATCH = YES;
				CODE_SIGN_IDENTITY = "iPhone Developer";
				COPY_PHASE_STRIP = NO;
				DEBUG_INFORMATION_FORMAT = "dwarf-with-dsym";
				ENABLE_NS_ASSERTIONS = NO;
				ENABLE_STRICT_OBJC_MSGSEND = YES;
				GCC_C_LANGUAGE_STANDARD = gnu11;
				GCC_NO_COMMON_BLOCKS = YES;
				GCC_WARN_64_TO_32_BIT_CONVERSION = YES;
				GCC_WARN_ABOUT_RETURN_TYPE = YES_ERROR;
				GCC_WARN_UNDECLARED_SELECTOR = YES;
				GCC_WARN_UNINITIALIZED_AUTOS = YES_AGGRESSIVE;
				GCC_WARN_UNUSED_FUNCTION = YES;
				GCC_WARN_UNUSED_VARIABLE = YES;
				IPHONEOS_DEPLOYMENT_TARGET = 11.4;
				MTL_ENABLE_DEBUG_INFO = NO;
				SDKROOT = iphoneos;
				SWIFT_COMPILATION_MODE = wholemodule;
				SWIFT_OPTIMIZATION_LEVEL = "-O";
				VALIDATE_PRODUCT = YES;
			};
			name = Release;
		};
		84ACCD1A2153278700624487 /* Debug */ = {
			isa = XCBuildConfiguration;
			baseConfigurationReference = 119D3D821982BDE7E7F5E777 /* Pods-ButtonMagic.debug.xcconfig */;
			buildSettings = {
				ASSETCATALOG_COMPILER_APPICON_NAME = AppIcon;
				CODE_SIGN_STYLE = Automatic;
				DEVELOPMENT_TEAM = 2DCN377FL7;
				INFOPLIST_FILE = ButtonMagic/Info.plist;
				LD_RUNPATH_SEARCH_PATHS = (
					"$(inherited)",
					"@executable_path/Frameworks",
				);
				PRODUCT_BUNDLE_IDENTIFIER = MAC.ButtonMagic;
				PRODUCT_NAME = "$(TARGET_NAME)";
				SWIFT_VERSION = 4.0;
				TARGETED_DEVICE_FAMILY = "1,2";
			};
			name = Debug;
		};
		84ACCD1B2153278700624487 /* Release */ = {
			isa = XCBuildConfiguration;
			baseConfigurationReference = 1DC6856B279F9B0863B84DFA /* Pods-ButtonMagic.release.xcconfig */;
			buildSettings = {
				ASSETCATALOG_COMPILER_APPICON_NAME = AppIcon;
				CODE_SIGN_STYLE = Automatic;
				DEVELOPMENT_TEAM = 2DCN377FL7;
				INFOPLIST_FILE = ButtonMagic/Info.plist;
				LD_RUNPATH_SEARCH_PATHS = (
					"$(inherited)",
					"@executable_path/Frameworks",
				);
				PRODUCT_BUNDLE_IDENTIFIER = MAC.ButtonMagic;
				PRODUCT_NAME = "$(TARGET_NAME)";
				SWIFT_VERSION = 4.0;
				TARGETED_DEVICE_FAMILY = "1,2";
			};
			name = Release;
		};
/* End XCBuildConfiguration section */

/* Begin XCConfigurationList section */
		84ACCD022153278600624487 /* Build configuration list for PBXProject "ButtonMagic" */ = {
			isa = XCConfigurationList;
			buildConfigurations = (
				84ACCD172153278700624487 /* Debug */,
				84ACCD182153278700624487 /* Release */,
			);
			defaultConfigurationIsVisible = 0;
			defaultConfigurationName = Release;
		};
		84ACCD192153278700624487 /* Build configuration list for PBXNativeTarget "ButtonMagic" */ = {
			isa = XCConfigurationList;
			buildConfigurations = (
				84ACCD1A2153278700624487 /* Debug */,
				84ACCD1B2153278700624487 /* Release */,
			);
			defaultConfigurationIsVisible = 0;
			defaultConfigurationName = Release;
		};
/* End XCConfigurationList section */
	};
	rootObject = 84ACCCFF2153278600624487 /* Project object */;
}
